<?xml version="1.0" encoding="utf-8"?>
<Project ToolsVersion="4.0" xmlns="http://schemas.microsoft.com/developer/msbuild/2003">
  <ItemGroup>
    <Filter Include="include">
      <UniqueIdentifier>{ed8cea97-0207-4a09-8b1b-ef18543f652c}</UniqueIdentifier>
    </Filter>
    <Filter Include="src">
      <UniqueIdentifier>{1fc48a08-ba0d-43d7-aef5-dbf8e5aa26f5}</UniqueIdentifier>
    </Filter>
  </ItemGroup>
  <ItemGroup>
    <ClInclude Include="include\curvemanager.hpp">
      <Filter>include</Filter>
    </ClInclude>
    <ClInclude Include="include\marketstore.hpp">
      <Filter>include</Filter>
    </ClInclude>
    <ClInclude Include="include\curvemethods.hpp">
      <Filter>include</Filter>
    </ClInclude>
    <ClInclude Include="include\jsontoobject.hpp">
      <Filter>include</Filter>
    </ClInclude>
  </ItemGroup>
  <ItemGroup>
    <ClCompile Include="src\curvemanager.cpp">
      <Filter>src</Filter>
    </ClCompile>
    <ClCompile Include="src\marketstore.cpp">
      <Filter>src</Filter>
    </ClCompile>
  </ItemGroup>
</Project>